
Microsoft Visual Studio Solution File, Format Version 12.00
# Visual Studio Version 16
VisualStudioVersion = 16.0.30114.105
MinimumVisualStudioVersion = 10.0.40219.1
Project("{FAE04EC0-301F-11D3-BF4B-00C04F79EFBC}") = "R5T.T0109", "R5T.T0109\R5T.T0109.csproj", "{BBC61F0A-FEB3-410A-9D5F-34871A829572}"
EndProject
Project("{FAE04EC0-301F-11D3-BF4B-00C04F79EFBC}") = "R5T.T0109.Construction", "R5T.T0109.Construction\R5T.T0109.Construction.csproj", "{69AFA21C-912F-4252-903B-CA1397C9F889}"
EndProject
Project("{FAE04EC0-301F-11D3-BF4B-00C04F79EFBC}") = "R5T.T0109.X000", "R5T.T0109.X000\R5T.T0109.X000.csproj", "{5E43A954-F6A3-4BF8-81FF-6880F9706953}"
EndProject
Global
	GlobalSection(SolutionConfigurationPlatforms) = preSolution
		Debug|Any CPU = Debug|Any CPU
		Debug|x64 = Debug|x64
		Debug|x86 = Debug|x86
		Release|Any CPU = Release|Any CPU
		Release|x64 = Release|x64
		Release|x86 = Release|x86
	EndGlobalSection
	GlobalSection(SolutionProperties) = preSolution
		HideSolutionNode = FALSE
	EndGlobalSection
	GlobalSection(ProjectConfigurationPlatforms) = postSolution
		{BBC61F0A-FEB3-410A-9D5F-34871A829572}.Debug|Any CPU.ActiveCfg = Debug|Any CPU
		{BBC61F0A-FEB3-410A-9D5F-34871A829572}.Debug|Any CPU.Build.0 = Debug|Any CPU
		{BBC61F0A-FEB3-410A-9D5F-34871A829572}.Debug|x64.ActiveCfg = Debug|Any CPU
		{BBC61F0A-FEB3-410A-9D5F-34871A829572}.Debug|x64.Build.0 = Debug|Any CPU
		{BBC61F0A-FEB3-410A-9D5F-34871A829572}.Debug|x86.ActiveCfg = Debug|Any CPU
		{BBC61F0A-FEB3-410A-9D5F-34871A829572}.Debug|x86.Build.0 = Debug|Any CPU
		{BBC61F0A-FEB3-410A-9D5F-34871A829572}.Release|Any CPU.ActiveCfg = Release|Any CPU
		{BBC61F0A-FEB3-410A-9D5F-34871A829572}.Release|Any CPU.Build.0 = Release|Any CPU
		{BBC61F0A-FEB3-410A-9D5F-34871A829572}.Release|x64.ActiveCfg = Release|Any CPU
		{BBC61F0A-FEB3-410A-9D5F-34871A829572}.Release|x64.Build.0 = Release|Any CPU
		{BBC61F0A-FEB3-410A-9D5F-34871A829572}.Release|x86.ActiveCfg = Release|Any CPU
		{BBC61F0A-FEB3-410A-9D5F-34871A829572}.Release|x86.Build.0 = Release|Any CPU
		{69AFA21C-912F-4252-903B-CA1397C9F889}.Debug|Any CPU.ActiveCfg = Debug|Any CPU
		{69AFA21C-912F-4252-903B-CA1397C9F889}.Debug|Any CPU.Build.0 = Debug|Any CPU
		{69AFA21C-912F-4252-903B-CA1397C9F889}.Debug|x64.ActiveCfg = Debug|Any CPU
		{69AFA21C-912F-4252-903B-CA1397C9F889}.Debug|x64.Build.0 = Debug|Any CPU
		{69AFA21C-912F-4252-903B-CA1397C9F889}.Debug|x86.ActiveCfg = Debug|Any CPU
		{69AFA21C-912F-4252-903B-CA1397C9F889}.Debug|x86.Build.0 = Debug|Any CPU
		{69AFA21C-912F-4252-903B-CA1397C9F889}.Release|Any CPU.ActiveCfg = Release|Any CPU
		{69AFA21C-912F-4252-903B-CA1397C9F889}.Release|Any CPU.Build.0 = Release|Any CPU
		{69AFA21C-912F-4252-903B-CA1397C9F889}.Release|x64.ActiveCfg = Release|Any CPU
		{69AFA21C-912F-4252-903B-CA1397C9F889}.Release|x64.Build.0 = Release|Any CPU
		{69AFA21C-912F-4252-903B-CA1397C9F889}.Release|x86.ActiveCfg = Release|Any CPU
		{69AFA21C-912F-4252-903B-CA1397C9F889}.Release|x86.Build.0 = Release|Any CPU
		{5E43A954-F6A3-4BF8-81FF-6880F9706953}.Debug|Any CPU.ActiveCfg = Debug|Any CPU
		{5E43A954-F6A3-4BF8-81FF-6880F9706953}.Debug|Any CPU.Build.0 = Debug|Any CPU
		{5E43A954-F6A3-4BF8-81FF-6880F9706953}.Debug|x64.ActiveCfg = Debug|Any CPU
		{5E43A954-F6A3-4BF8-81FF-6880F9706953}.Debug|x64.Build.0 = Debug|Any CPU
		{5E43A954-F6A3-4BF8-81FF-6880F9706953}.Debug|x86.ActiveCfg = Debug|Any CPU
		{5E43A954-F6A3-4BF8-81FF-6880F9706953}.Debug|x86.Build.0 = Debug|Any CPU
		{5E43A954-F6A3-4BF8-81FF-6880F9706953}.Release|Any CPU.ActiveCfg = Release|Any CPU
		{5E43A954-F6A3-4BF8-81FF-6880F9706953}.Release|Any CPU.Build.0 = Release|Any CPU
		{5E43A954-F6A3-4BF8-81FF-6880F9706953}.Release|x64.ActiveCfg = Release|Any CPU
		{5E43A954-F6A3-4BF8-81FF-6880F9706953}.Release|x64.Build.0 = Release|Any CPU
		{5E43A954-F6A3-4BF8-81FF-6880F9706953}.Release|x86.ActiveCfg = Release|Any CPU
		{5E43A954-F6A3-4BF8-81FF-6880F9706953}.Release|x86.Build.0 = Release|Any CPU
	EndGlobalSection
EndGlobal
